
Microsoft Visual Studio Solution File, Format Version 11.00
# Visual Studio 2010
Project("{2150E333-8FDC-42A3-9474-1A3956D46DE8}") = "Solution Items", "Solution Items", "{F21C56FB-1AB6-4472-B85E-A8B65CC6B2FA}"
	ProjectSection(SolutionItems) = preProject
		Brilliantech.PackagingWS.vsmdi = Brilliantech.PackagingWS.vsmdi
		Local.testsettings = Local.testsettings
		TraceAndTestImpact.testsettings = TraceAndTestImpact.testsettings
	EndProjectSection
EndProject
Project("{FAE04EC0-301F-11D3-BF4B-00C04F79EFBC}") = "Brilliantech.Packaging.Store.DLL", "Brilliantech.Packaging.Store.DLL\Brilliantech.Packaging.Store.DLL.csproj", "{18EE3366-FC94-475D-A0B7-02A1A1FB2DB9}"
EndProject
Project("{FAE04EC0-301F-11D3-BF4B-00C04F79EFBC}") = "Brilliantech.Packaging.Store.UI", "Brilliantech.Packaging.Store.UI\Brilliantech.Packaging.Store.UI.csproj", "{F699DD66-9B94-4E60-BF4A-0D1E163227D4}"
EndProject
Project("{FAE04EC0-301F-11D3-BF4B-00C04F79EFBC}") = "Brilliantech.Packaging.Store.Data", "Brilliantech.Packaging.Store.Data\Brilliantech.Packaging.Store.Data.csproj", "{61D1F275-6B1C-41F5-84D1-43D65CE641DF}"
EndProject
Global
	GlobalSection(TestCaseManagementSettings) = postSolution
		CategoryFile = Brilliantech.PackagingWS.vsmdi
	EndGlobalSection
	GlobalSection(SolutionConfigurationPlatforms) = preSolution
		Debug|Any CPU = Debug|Any CPU
		Debug|Mixed Platforms = Debug|Mixed Platforms
		Debug|x86 = Debug|x86
		Release|Any CPU = Release|Any CPU
		Release|Mixed Platforms = Release|Mixed Platforms
		Release|x86 = Release|x86
	EndGlobalSection
	GlobalSection(ProjectConfigurationPlatforms) = postSolution
		{18EE3366-FC94-475D-A0B7-02A1A1FB2DB9}.Debug|Any CPU.ActiveCfg = Debug|Any CPU
		{18EE3366-FC94-475D-A0B7-02A1A1FB2DB9}.Debug|Any CPU.Build.0 = Debug|Any CPU
		{18EE3366-FC94-475D-A0B7-02A1A1FB2DB9}.Debug|Mixed Platforms.ActiveCfg = Debug|Any CPU
		{18EE3366-FC94-475D-A0B7-02A1A1FB2DB9}.Debug|Mixed Platforms.Build.0 = Debug|Any CPU
		{18EE3366-FC94-475D-A0B7-02A1A1FB2DB9}.Debug|x86.ActiveCfg = Debug|Any CPU
		{18EE3366-FC94-475D-A0B7-02A1A1FB2DB9}.Release|Any CPU.ActiveCfg = Release|Any CPU
		{18EE3366-FC94-475D-A0B7-02A1A1FB2DB9}.Release|Any CPU.Build.0 = Release|Any CPU
		{18EE3366-FC94-475D-A0B7-02A1A1FB2DB9}.Release|Mixed Platforms.ActiveCfg = Release|Any CPU
		{18EE3366-FC94-475D-A0B7-02A1A1FB2DB9}.Release|Mixed Platforms.Build.0 = Release|Any CPU
		{18EE3366-FC94-475D-A0B7-02A1A1FB2DB9}.Release|x86.ActiveCfg = Release|Any CPU
		{F699DD66-9B94-4E60-BF4A-0D1E163227D4}.Debug|Any CPU.ActiveCfg = Debug|x86
		{F699DD66-9B94-4E60-BF4A-0D1E163227D4}.Debug|Mixed Platforms.ActiveCfg = Debug|x86
		{F699DD66-9B94-4E60-BF4A-0D1E163227D4}.Debug|Mixed Platforms.Build.0 = Debug|x86
		{F699DD66-9B94-4E60-BF4A-0D1E163227D4}.Debug|x86.ActiveCfg = Debug|x86
		{F699DD66-9B94-4E60-BF4A-0D1E163227D4}.Debug|x86.Build.0 = Debug|x86
		{F699DD66-9B94-4E60-BF4A-0D1E163227D4}.Release|Any CPU.ActiveCfg = Release|x86
		{F699DD66-9B94-4E60-BF4A-0D1E163227D4}.Release|Mixed Platforms.ActiveCfg = Release|x86
		{F699DD66-9B94-4E60-BF4A-0D1E163227D4}.Release|Mixed Platforms.Build.0 = Release|x86
		{F699DD66-9B94-4E60-BF4A-0D1E163227D4}.Release|x86.ActiveCfg = Release|x86
		{F699DD66-9B94-4E60-BF4A-0D1E163227D4}.Release|x86.Build.0 = Release|x86
		{61D1F275-6B1C-41F5-84D1-43D65CE641DF}.Debug|Any CPU.ActiveCfg = Debug|Any CPU
		{61D1F275-6B1C-41F5-84D1-43D65CE641DF}.Debug|Any CPU.Build.0 = Debug|Any CPU
		{61D1F275-6B1C-41F5-84D1-43D65CE641DF}.Debug|Mixed Platforms.ActiveCfg = Debug|Any CPU
		{61D1F275-6B1C-41F5-84D1-43D65CE641DF}.Debug|Mixed Platforms.Build.0 = Debug|Any CPU
		{61D1F275-6B1C-41F5-84D1-43D65CE641DF}.Debug|x86.ActiveCfg = Debug|Any CPU
		{61D1F275-6B1C-41F5-84D1-43D65CE641DF}.Release|Any CPU.ActiveCfg = Release|Any CPU
		{61D1F275-6B1C-41F5-84D1-43D65CE641DF}.Release|Any CPU.Build.0 = Release|Any CPU
		{61D1F275-6B1C-41F5-84D1-43D65CE641DF}.Release|Mixed Platforms.ActiveCfg = Release|Any CPU
		{61D1F275-6B1C-41F5-84D1-43D65CE641DF}.Release|Mixed Platforms.Build.0 = Release|Any CPU
		{61D1F275-6B1C-41F5-84D1-43D65CE641DF}.Release|x86.ActiveCfg = Release|Any CPU
	EndGlobalSection
	GlobalSection(SolutionProperties) = preSolution
		HideSolutionNode = FALSE
	EndGlobalSection
EndGlobal
